// !$*UTF8*$!
{
	archiveVersion = 1;
	classes = {
	};
	objectVersion = 77;
	objects = {

/* Begin PBXContainerItemProxy section */
		348AAE4C2D11B03400B46EDA /* PBXContainerItemProxy */ = {
			isa = PBXContainerItemProxy;
			containerPortal = 348AAE332D11B03200B46EDA /* Project object */;
			proxyType = 1;
			remoteGlobalIDString = 348AAE3A2D11B03200B46EDA;
			remoteInfo = SwiftDataExportImport;
		};
		348AAE562D11B03400B46EDA /* PBXContainerItemProxy */ = {
			isa = PBXContainerItemProxy;
			containerPortal = 348AAE332D11B03200B46EDA /* Project object */;
			proxyType = 1;
			remoteGlobalIDString = 348AAE3A2D11B03200B46EDA;
			remoteInfo = SwiftDataExportImport;
		};
/* End PBXContainerItemProxy section */

/* Begin PBXFileReference section */
		348AAE3B2D11B03200B46EDA /* SwiftDataExportImport.app */ = {isa = PBXFileReference; explicitFileType = wrapper.application; includeInIndex = 0; path = SwiftDataExportImport.app; sourceTree = BUILT_PRODUCTS_DIR; };
		348AAE4B2D11B03400B46EDA /* SwiftDataExportImportTests.xctest */ = {isa = PBXFileReference; explicitFileType = wrapper.cfbundle; includeInIndex = 0; path = SwiftDataExportImportTests.xctest; sourceTree = BUILT_PRODUCTS_DIR; };
		348AAE552D11B03400B46EDA /* SwiftDataExportImportUITests.xctest */ = {isa = PBXFileReference; explicitFileType = wrapper.cfbundle; includeInIndex = 0; path = SwiftDataExportImportUITests.xctest; sourceTree = BUILT_PRODUCTS_DIR; };
/* End PBXFileReference section */

/* Begin PBXFileSystemSynchronizedRootGroup section */
		348AAE3D2D11B03200B46EDA /* SwiftDataExportImport */ = {
			isa = PBXFileSystemSynchronizedRootGroup;
			path = SwiftDataExportImport;
			sourceTree = "<group>";
		};
		348AAE4E2D11B03400B46EDA /* SwiftDataExportImportTests */ = {
			isa = PBXFileSystemSynchronizedRootGroup;
			path = SwiftDataExportImportTests;
			sourceTree = "<group>";
		};
		348AAE582D11B03400B46EDA /* SwiftDataExportImportUITests */ = {
			isa = PBXFileSystemSynchronizedRootGroup;
			path = SwiftDataExportImportUITests;
			sourceTree = "<group>";
		};
/* End PBXFileSystemSynchronizedRootGroup section */

/* Begin PBXFrameworksBuildPhase section */
		348AAE382D11B03200B46EDA /* Frameworks */ = {
			isa = PBXFrameworksBuildPhase;
			buildActionMask = 2147483647;
			files = (
			);
			runOnlyForDeploymentPostprocessing = 0;
		};
		348AAE482D11B03400B46EDA /* Frameworks */ = {
			isa = PBXFrameworksBuildPhase;
			buildActionMask = 2147483647;
			files = (
			);
			runOnlyForDeploymentPostprocessing = 0;
		};
		348AAE522D11B03400B46EDA /* Frameworks */ = {
			isa = PBXFrameworksBuildPhase;
			buildActionMask = 2147483647;
			files = (
			);
			runOnlyForDeploymentPostprocessing = 0;
		};
/* End PBXFrameworksBuildPhase section */

/* Begin PBXGroup section */
		348AAE322D11B03200B46EDA = {
			isa = PBXGroup;
			children = (
				348AAE3D2D11B03200B46EDA /* SwiftDataExportImport */,
				348AAE4E2D11B03400B46EDA /* SwiftDataExportImportTests */,
				348AAE582D11B03400B46EDA /* SwiftDataExportImportUITests */,
				348AAE3C2D11B03200B46EDA /* Products */,
			);
			sourceTree = "<group>";
		};
		348AAE3C2D11B03200B46EDA /* Products */ = {
			isa = PBXGroup;
			children = (
				348AAE3B2D11B03200B46EDA /* SwiftDataExportImport.app */,
				348AAE4B2D11B03400B46EDA /* SwiftDataExportImportTests.xctest */,
				348AAE552D11B03400B46EDA /* SwiftDataExportImportUITests.xctest */,
			);
			name = Products;
			sourceTree = "<group>";
		};
/* End PBXGroup section */

/* Begin PBXNativeTarget section */
		348AAE3A2D11B03200B46EDA /* SwiftDataExportImport */ = {
			isa = PBXNativeTarget;
			buildConfigurationList = 348AAE5F2D11B03400B46EDA /* Build configuration list for PBXNativeTarget "SwiftDataExportImport" */;
			buildPhases = (
				348AAE372D11B03200B46EDA /* Sources */,
				348AAE382D11B03200B46EDA /* Frameworks */,
				348AAE392D11B03200B46EDA /* Resources */,
			);
			buildRules = (
			);
			dependencies = (
			);
			fileSystemSynchronizedGroups = (
				348AAE3D2D11B03200B46EDA /* SwiftDataExportImport */,
			);
			name = SwiftDataExportImport;
			packageProductDependencies = (
			);
			productName = SwiftDataExportImport;
			productReference = 348AAE3B2D11B03200B46EDA /* SwiftDataExportImport.app */;
			productType = "com.apple.product-type.application";
		};
		348AAE4A2D11B03400B46EDA /* SwiftDataExportImportTests */ = {
			isa = PBXNativeTarget;
			buildConfigurationList = 348AAE622D11B03400B46EDA /* Build configuration list for PBXNativeTarget "SwiftDataExportImportTests" */;
			buildPhases = (
				348AAE472D11B03400B46EDA /* Sources */,
				348AAE482D11B03400B46EDA /* Frameworks */,
				348AAE492D11B03400B46EDA /* Resources */,
			);
			buildRules = (
			);
			dependencies = (
				348AAE4D2D11B03400B46EDA /* PBXTargetDependency */,
			);
			fileSystemSynchronizedGroups = (
				348AAE4E2D11B03400B46EDA /* SwiftDataExportImportTests */,
			);
			name = SwiftDataExportImportTests;
			packageProductDependencies = (
			);
			productName = SwiftDataExportImportTests;
			productReference = 348AAE4B2D11B03400B46EDA /* SwiftDataExportImportTests.xctest */;
			productType = "com.apple.product-type.bundle.unit-test";
		};
		348AAE542D11B03400B46EDA /* SwiftDataExportImportUITests */ = {
			isa = PBXNativeTarget;
			buildConfigurationList = 348AAE652D11B03400B46EDA /* Build configuration list for PBXNativeTarget "SwiftDataExportImportUITests" */;
			buildPhases = (
				348AAE512D11B03400B46EDA /* Sources */,
				348AAE522D11B03400B46EDA /* Frameworks */,
				348AAE532D11B03400B46EDA /* Resources */,
			);
			buildRules = (
			);
			dependencies = (
				348AAE572D11B03400B46EDA /* PBXTargetDependency */,
			);
			fileSystemSynchronizedGroups = (
				348AAE582D11B03400B46EDA /* SwiftDataExportImportUITests */,
			);
			name = SwiftDataExportImportUITests;
			packageProductDependencies = (
			);
			productName = SwiftDataExportImportUITests;
			productReference = 348AAE552D11B03400B46EDA /* SwiftDataExportImportUITests.xctest */;
			productType = "com.apple.product-type.bundle.ui-testing";
		};
/* End PBXNativeTarget section */

/* Begin PBXProject section */
		348AAE332D11B03200B46EDA /* Project object */ = {
			isa = PBXProject;
			attributes = {
				BuildIndependentTargetsInParallel = 1;
				LastSwiftUpdateCheck = 1620;
				LastUpgradeCheck = 1620;
				TargetAttributes = {
					348AAE3A2D11B03200B46EDA = {
						CreatedOnToolsVersion = 16.2;
					};
					348AAE4A2D11B03400B46EDA = {
						CreatedOnToolsVersion = 16.2;
						TestTargetID = 348AAE3A2D11B03200B46EDA;
					};
					348AAE542D11B03400B46EDA = {
						CreatedOnToolsVersion = 16.2;
						TestTargetID = 348AAE3A2D11B03200B46EDA;
					};
				};
			};
			buildConfigurationList = 348AAE362D11B03200B46EDA /* Build configuration list for PBXProject "SwiftDataExportImport" */;
			developmentRegion = en;
			hasScannedForEncodings = 0;
			knownRegions = (
				en,
				Base,
			);
			mainGroup = 348AAE322D11B03200B46EDA;
			minimizedProjectReferenceProxies = 1;
			preferredProjectObjectVersion = 77;
			productRefGroup = 348AAE3C2D11B03200B46EDA /* Products */;
			projectDirPath = "";
			projectRoot = "";
			targets = (
				348AAE3A2D11B03200B46EDA /* SwiftDataExportImport */,
				348AAE4A2D11B03400B46EDA /* SwiftDataExportImportTests */,
				348AAE542D11B03400B46EDA /* SwiftDataExportImportUITests */,
			);
		};
/* End PBXProject section */

/* Begin PBXResourcesBuildPhase section */
		348AAE392D11B03200B46EDA /* Resources */ = {
			isa = PBXResourcesBuildPhase;
			buildActionMask = 2147483647;
			files = (
			);
			runOnlyForDeploymentPostprocessing = 0;
		};
		348AAE492D11B03400B46EDA /* Resources */ = {
			isa = PBXResourcesBuildPhase;
			buildActionMask = 2147483647;
			files = (
			);
			runOnlyForDeploymentPostprocessing = 0;
		};
		348AAE532D11B03400B46EDA /* Resources */ = {
			isa = PBXResourcesBuildPhase;
			buildActionMask = 2147483647;
			files = (
			);
			runOnlyForDeploymentPostprocessing = 0;
		};
/* End PBXResourcesBuildPhase section */

/* Begin PBXSourcesBuildPhase section */
		348AAE372D11B03200B46EDA /* Sources */ = {
			isa = PBXSourcesBuildPhase;
			buildActionMask = 2147483647;
			files = (
			);
			runOnlyForDeploymentPostprocessing = 0;
		};
		348AAE472D11B03400B46EDA /* Sources */ = {
			isa = PBXSourcesBuildPhase;
			buildActionMask = 2147483647;
			files = (
			);
			runOnlyForDeploymentPostprocessing = 0;
		};
		348AAE512D11B03400B46EDA /* Sources */ = {
			isa = PBXSourcesBuildPhase;
			buildActionMask = 2147483647;
			files = (
			);
			runOnlyForDeploymentPostprocessing = 0;
		};
/* End PBXSourcesBuildPhase section */

/* Begin PBXTargetDependency section */
		348AAE4D2D11B03400B46EDA /* PBXTargetDependency */ = {
			isa = PBXTargetDependency;
			target = 348AAE3A2D11B03200B46EDA /* SwiftDataExportImport */;
			targetProxy = 348AAE4C2D11B03400B46EDA /* PBXContainerItemProxy */;
		};
		348AAE572D11B03400B46EDA /* PBXTargetDependency */ = {
			isa = PBXTargetDependency;
			target = 348AAE3A2D11B03200B46EDA /* SwiftDataExportImport */;
			targetProxy = 348AAE562D11B03400B46EDA /* PBXContainerItemProxy */;
		};
/* End PBXTargetDependency section */

/* Begin XCBuildConfiguration section */
		348AAE5D2D11B03400B46EDA /* Debug */ = {
			isa = XCBuildConfiguration;
			buildSettings = {
				ALWAYS_SEARCH_USER_PATHS = NO;
				ASSETCATALOG_COMPILER_GENERATE_SWIFT_ASSET_SYMBOL_EXTENSIONS = YES;
				CLANG_ANALYZER_NONNULL = YES;
				CLANG_ANALYZER_NUMBER_OBJECT_CONVERSION = YES_AGGRESSIVE;
				CLANG_CXX_LANGUAGE_STANDARD = "gnu++20";
				CLANG_ENABLE_MODULES = YES;
				CLANG_ENABLE_OBJC_ARC = YES;
				CLANG_ENABLE_OBJC_WEAK = YES;
				CLANG_WARN_BLOCK_CAPTURE_AUTORELEASING = YES;
				CLANG_WARN_BOOL_CONVERSION = YES;
				CLANG_WARN_COMMA = YES;
				CLANG_WARN_CONSTANT_CONVERSION = YES;
				CLANG_WARN_DEPRECATED_OBJC_IMPLEMENTATIONS = YES;
				CLANG_WARN_DIRECT_OBJC_ISA_USAGE = YES_ERROR;
				CLANG_WARN_DOCUMENTATION_COMMENTS = YES;
				CLANG_WARN_EMPTY_BODY = YES;
				CLANG_WARN_ENUM_CONVERSION = YES;
				CLANG_WARN_INFINITE_RECURSION = YES;
				CLANG_WARN_INT_CONVERSION = YES;
				CLANG_WARN_NON_LITERAL_NULL_CONVERSION = YES;
				CLANG_WARN_OBJC_IMPLICIT_RETAIN_SELF = YES;
				CLANG_WARN_OBJC_LITERAL_CONVERSION = YES;
				CLANG_WARN_OBJC_ROOT_CLASS = YES_ERROR;
				CLANG_WARN_QUOTED_INCLUDE_IN_FRAMEWORK_HEADER = YES;
				CLANG_WARN_RANGE_LOOP_ANALYSIS = YES;
				CLANG_WARN_STRICT_PROTOTYPES = YES;
				CLANG_WARN_SUSPICIOUS_MOVE = YES;
				CLANG_WARN_UNGUARDED_AVAILABILITY = YES_AGGRESSIVE;
				CLANG_WARN_UNREACHABLE_CODE = YES;
				CLANG_WARN__DUPLICATE_METHOD_MATCH = YES;
				COPY_PHASE_STRIP = NO;
				DEBUG_INFORMATION_FORMAT = dwarf;
				ENABLE_STRICT_OBJC_MSGSEND = YES;
				ENABLE_TESTABILITY = YES;
				ENABLE_USER_SCRIPT_SANDBOXING = YES;
				GCC_C_LANGUAGE_STANDARD = gnu17;
				GCC_DYNAMIC_NO_PIC = NO;
				GCC_NO_COMMON_BLOCKS = YES;
				GCC_OPTIMIZATION_LEVEL = 0;
				GCC_PREPROCESSOR_DEFINITIONS = (
					"DEBUG=1",
					"$(inherited)",
				);
				GCC_WARN_64_TO_32_BIT_CONVERSION = YES;
				GCC_WARN_ABOUT_RETURN_TYPE = YES_ERROR;
				GCC_WARN_UNDECLARED_SELECTOR = YES;
				GCC_WARN_UNINITIALIZED_AUTOS = YES_AGGRESSIVE;
				GCC_WARN_UNUSED_FUNCTION = YES;
				GCC_WARN_UNUSED_VARIABLE = YES;
				IPHONEOS_DEPLOYMENT_TARGET = 18.2;
				LOCALIZATION_PREFERS_STRING_CATALOGS = YES;
				MTL_ENABLE_DEBUG_INFO = INCLUDE_SOURCE;
				MTL_FAST_MATH = YES;
				ONLY_ACTIVE_ARCH = YES;
				SDKROOT = iphoneos;
				SWIFT_ACTIVE_COMPILATION_CONDITIONS = "DEBUG $(inherited)";
				SWIFT_OPTIMIZATION_LEVEL = "-Onone";
			};
			name = Debug;
		};
		348AAE5E2D11B03400B46EDA /* Release */ = {
			isa = XCBuildConfiguration;
			buildSettings = {
				ALWAYS_SEARCH_USER_PATHS = NO;
				ASSETCATALOG_COMPILER_GENERATE_SWIFT_ASSET_SYMBOL_EXTENSIONS = YES;
				CLANG_ANALYZER_NONNULL = YES;
				CLANG_ANALYZER_NUMBER_OBJECT_CONVERSION = YES_AGGRESSIVE;
				CLANG_CXX_LANGUAGE_STANDARD = "gnu++20";
				CLANG_ENABLE_MODULES = YES;
				CLANG_ENABLE_OBJC_ARC = YES;
				CLANG_ENABLE_OBJC_WEAK = YES;
				CLANG_WARN_BLOCK_CAPTURE_AUTORELEASING = YES;
				CLANG_WARN_BOOL_CONVERSION = YES;
				CLANG_WARN_COMMA = YES;
				CLANG_WARN_CONSTANT_CONVERSION = YES;
				CLANG_WARN_DEPRECATED_OBJC_IMPLEMENTATIONS = YES;
				CLANG_WARN_DIRECT_OBJC_ISA_USAGE = YES_ERROR;
				CLANG_WARN_DOCUMENTATION_COMMENTS = YES;
				CLANG_WARN_EMPTY_BODY = YES;
				CLANG_WARN_ENUM_CONVERSION = YES;
				CLANG_WARN_INFINITE_RECURSION = YES;
				CLANG_WARN_INT_CONVERSION = YES;
				CLANG_WARN_NON_LITERAL_NULL_CONVERSION = YES;
				CLANG_WARN_OBJC_IMPLICIT_RETAIN_SELF = YES;
				CLANG_WARN_OBJC_LITERAL_CONVERSION = YES;
				CLANG_WARN_OBJC_ROOT_CLASS = YES_ERROR;
				CLANG_WARN_QUOTED_INCLUDE_IN_FRAMEWORK_HEADER = YES;
				CLANG_WARN_RANGE_LOOP_ANALYSIS = YES;
				CLANG_WARN_STRICT_PROTOTYPES = YES;
				CLANG_WARN_SUSPICIOUS_MOVE = YES;
				CLANG_WARN_UNGUARDED_AVAILABILITY = YES_AGGRESSIVE;
				CLANG_WARN_UNREACHABLE_CODE = YES;
				CLANG_WARN__DUPLICATE_METHOD_MATCH = YES;
				COPY_PHASE_STRIP = NO;
				DEBUG_INFORMATION_FORMAT = "dwarf-with-dsym";
				ENABLE_NS_ASSERTIONS = NO;
				ENABLE_STRICT_OBJC_MSGSEND = YES;
				ENABLE_USER_SCRIPT_SANDBOXING = YES;
				GCC_C_LANGUAGE_STANDARD = gnu17;
				GCC_NO_COMMON_BLOCKS = YES;
				GCC_WARN_64_TO_32_BIT_CONVERSION = YES;
				GCC_WARN_ABOUT_RETURN_TYPE = YES_ERROR;
				GCC_WARN_UNDECLARED_SELECTOR = YES;
				GCC_WARN_UNINITIALIZED_AUTOS = YES_AGGRESSIVE;
				GCC_WARN_UNUSED_FUNCTION = YES;
				GCC_WARN_UNUSED_VARIABLE = YES;
				IPHONEOS_DEPLOYMENT_TARGET = 18.2;
				LOCALIZATION_PREFERS_STRING_CATALOGS = YES;
				MTL_ENABLE_DEBUG_INFO = NO;
				MTL_FAST_MATH = YES;
				SDKROOT = iphoneos;
				SWIFT_COMPILATION_MODE = wholemodule;
				VALIDATE_PRODUCT = YES;
			};
			name = Release;
		};
		348AAE602D11B03400B46EDA /* Debug */ = {
			isa = XCBuildConfiguration;
			buildSettings = {
				ASSETCATALOG_COMPILER_APPICON_NAME = AppIcon;
				ASSETCATALOG_COMPILER_GLOBAL_ACCENT_COLOR_NAME = AccentColor;
				CODE_SIGN_STYLE = Automatic;
				CURRENT_PROJECT_VERSION = 1;
				DEVELOPMENT_ASSET_PATHS = "\"SwiftDataExportImport/Preview Content\"";
				DEVELOPMENT_TEAM = U4A9CNA96C;
				ENABLE_PREVIEWS = YES;
				GENERATE_INFOPLIST_FILE = YES;
				INFOPLIST_KEY_UIApplicationSceneManifest_Generation = YES;
				INFOPLIST_KEY_UIApplicationSupportsIndirectInputEvents = YES;
				INFOPLIST_KEY_UILaunchScreen_Generation = YES;
				INFOPLIST_KEY_UISupportedInterfaceOrientations_iPad = "UIInterfaceOrientationPortrait UIInterfaceOrientationPortraitUpsideDown UIInterfaceOrientationLandscapeLeft UIInterfaceOrientationLandscapeRight";
				INFOPLIST_KEY_UISupportedInterfaceOrientations_iPhone = "UIInterfaceOrientationPortrait UIInterfaceOrientationLandscapeLeft UIInterfaceOrientationLandscapeRight";
				LD_RUNPATH_SEARCH_PATHS = (
					"$(inherited)",
					"@executable_path/Frameworks",
				);
				MARKETING_VERSION = 1.0;
				PRODUCT_BUNDLE_IDENTIFIER = com.hakobghlijyan.SwiftDataExportImport;
				PRODUCT_NAME = "$(TARGET_NAME)";
				SWIFT_EMIT_LOC_STRINGS = YES;
				SWIFT_VERSION = 5.0;
				TARGETED_DEVICE_FAMILY = "1,2";
			};
			name = Debug;
		};
		348AAE612D11B03400B46EDA /* Release */ = {
			isa = XCBuildConfiguration;
			buildSettings = {
				ASSETCATALOG_COMPILER_APPICON_NAME = AppIcon;
				ASSETCATALOG_COMPILER_GLOBAL_ACCENT_COLOR_NAME = AccentColor;
				CODE_SIGN_STYLE = Automatic;
				CURRENT_PROJECT_VERSION = 1;
				DEVELOPMENT_ASSET_PATHS = "\"SwiftDataExportImport/Preview Content\"";
				DEVELOPMENT_TEAM = U4A9CNA96C;
				ENABLE_PREVIEWS = YES;
				GENERATE_INFOPLIST_FILE = YES;
				INFOPLIST_KEY_UIApplicationSceneManifest_Generation = YES;
				INFOPLIST_KEY_UIApplicationSupportsIndirectInputEvents = YES;
				INFOPLIST_KEY_UILaunchScreen_Generation = YES;
				INFOPLIST_KEY_UISupportedInterfaceOrientations_iPad = "UIInterfaceOrientationPortrait UIInterfaceOrientationPortraitUpsideDown UIInterfaceOrientationLandscapeLeft UIInterfaceOrientationLandscapeRight";
				INFOPLIST_KEY_UISupportedInterfaceOrientations_iPhone = "UIInterfaceOrientationPortrait UIInterfaceOrientationLandscapeLeft UIInterfaceOrientationLandscapeRight";
				LD_RUNPATH_SEARCH_PATHS = (
					"$(inherited)",
					"@executable_path/Frameworks",
				);
				MARKETING_VERSION = 1.0;
				PRODUCT_BUNDLE_IDENTIFIER = com.hakobghlijyan.SwiftDataExportImport;
				PRODUCT_NAME = "$(TARGET_NAME)";
				SWIFT_EMIT_LOC_STRINGS = YES;
				SWIFT_VERSION = 5.0;
				TARGETED_DEVICE_FAMILY = "1,2";
			};
			name = Release;
		};
		348AAE632D11B03400B46EDA /* Debug */ = {
			isa = XCBuildConfiguration;
			buildSettings = {
				BUNDLE_LOADER = "$(TEST_HOST)";
				CODE_SIGN_STYLE = Automatic;
				CURRENT_PROJECT_VERSION = 1;
				DEVELOPMENT_TEAM = U4A9CNA96C;
				GENERATE_INFOPLIST_FILE = YES;
				IPHONEOS_DEPLOYMENT_TARGET = 18.2;
				MARKETING_VERSION = 1.0;
				PRODUCT_BUNDLE_IDENTIFIER = com.hakobghlijyan.SwiftDataExportImportTests;
				PRODUCT_NAME = "$(TARGET_NAME)";
				SWIFT_EMIT_LOC_STRINGS = NO;
				SWIFT_VERSION = 5.0;
				TARGETED_DEVICE_FAMILY = "1,2";
				TEST_HOST = "$(BUILT_PRODUCTS_DIR)/SwiftDataExportImport.app/$(BUNDLE_EXECUTABLE_FOLDER_PATH)/SwiftDataExportImport";
			};
			name = Debug;
		};
		348AAE642D11B03400B46EDA /* Release */ = {
			isa = XCBuildConfiguration;
			buildSettings = {
				BUNDLE_LOADER = "$(TEST_HOST)";
				CODE_SIGN_STYLE = Automatic;
				CURRENT_PROJECT_VERSION = 1;
				DEVELOPMENT_TEAM = U4A9CNA96C;
				GENERATE_INFOPLIST_FILE = YES;
				IPHONEOS_DEPLOYMENT_TARGET = 18.2;
				MARKETING_VERSION = 1.0;
				PRODUCT_BUNDLE_IDENTIFIER = com.hakobghlijyan.SwiftDataExportImportTests;
				PRODUCT_NAME = "$(TARGET_NAME)";
				SWIFT_EMIT_LOC_STRINGS = NO;
				SWIFT_VERSION = 5.0;
				TARGETED_DEVICE_FAMILY = "1,2";
				TEST_HOST = "$(BUILT_PRODUCTS_DIR)/SwiftDataExportImport.app/$(BUNDLE_EXECUTABLE_FOLDER_PATH)/SwiftDataExportImport";
			};
			name = Release;
		};
		348AAE662D11B03400B46EDA /* Debug */ = {
			isa = XCBuildConfiguration;
			buildSettings = {
				CODE_SIGN_STYLE = Automatic;
				CURRENT_PROJECT_VERSION = 1;
				DEVELOPMENT_TEAM = U4A9CNA96C;
				GENERATE_INFOPLIST_FILE = YES;
				MARKETING_VERSION = 1.0;
				PRODUCT_BUNDLE_IDENTIFIER = com.hakobghlijyan.SwiftDataExportImportUITests;
				PRODUCT_NAME = "$(TARGET_NAME)";
				SWIFT_EMIT_LOC_STRINGS = NO;
				SWIFT_VERSION = 5.0;
				TARGETED_DEVICE_FAMILY = "1,2";
				TEST_TARGET_NAME = SwiftDataExportImport;
			};
			name = Debug;
		};
		348AAE672D11B03400B46EDA /* Release */ = {
			isa = XCBuildConfiguration;
			buildSettings = {
				CODE_SIGN_STYLE = Automatic;
				CURRENT_PROJECT_VERSION = 1;
				DEVELOPMENT_TEAM = U4A9CNA96C;
				GENERATE_INFOPLIST_FILE = YES;
				MARKETING_VERSION = 1.0;
				PRODUCT_BUNDLE_IDENTIFIER = com.hakobghlijyan.SwiftDataExportImportUITests;
				PRODUCT_NAME = "$(TARGET_NAME)";
				SWIFT_EMIT_LOC_STRINGS = NO;
				SWIFT_VERSION = 5.0;
				TARGETED_DEVICE_FAMILY = "1,2";
				TEST_TARGET_NAME = SwiftDataExportImport;
			};
			name = Release;
		};
/* End XCBuildConfiguration section */

/* Begin XCConfigurationList section */
		348AAE362D11B03200B46EDA /* Build configuration list for PBXProject "SwiftDataExportImport" */ = {
			isa = XCConfigurationList;
			buildConfigurations = (
				348AAE5D2D11B03400B46EDA /* Debug */,
				348AAE5E2D11B03400B46EDA /* Release */,
			);
			defaultConfigurationIsVisible = 0;
			defaultConfigurationName = Release;
		};
		348AAE5F2D11B03400B46EDA /* Build configuration list for PBXNativeTarget "SwiftDataExportImport" */ = {
			isa = XCConfigurationList;
			buildConfigurations = (
				348AAE602D11B03400B46EDA /* Debug */,
				348AAE612D11B03400B46EDA /* Release */,
			);
			defaultConfigurationIsVisible = 0;
			defaultConfigurationName = Release;
		};
		348AAE622D11B03400B46EDA /* Build configuration list for PBXNativeTarget "SwiftDataExportImportTests" */ = {
			isa = XCConfigurationList;
			buildConfigurations = (
				348AAE632D11B03400B46EDA /* Debug */,
				348AAE642D11B03400B46EDA /* Release */,
			);
			defaultConfigurationIsVisible = 0;
			defaultConfigurationName = Release;
		};
		348AAE652D11B03400B46EDA /* Build configuration list for PBXNativeTarget "SwiftDataExportImportUITests" */ = {
			isa = XCConfigurationList;
			buildConfigurations = (
				348AAE662D11B03400B46EDA /* Debug */,
				348AAE672D11B03400B46EDA /* Release */,
			);
			defaultConfigurationIsVisible = 0;
			defaultConfigurationName = Release;
		};
/* End XCConfigurationList section */
	};
	rootObject = 348AAE332D11B03200B46EDA /* Project object */;
}
